
Microsoft Visual Studio Solution File, Format Version 12.00
# Visual Studio Version 17
VisualStudioVersion = 17.11.35312.102
MinimumVisualStudioVersion = 10.0.40219.1
Project("{9A19103F-16F7-4668-BE54-9A1E7A4F7556}") = "MedicalExaminationPreliminaryLists.Data", "MedicalExaminationPreliminaryLists.Data\MedicalExaminationPreliminaryLists.Data.csproj", "{43832294-B001-42F2-9999-4E7F5174D876}"
EndProject
Project("{9A19103F-16F7-4668-BE54-9A1E7A4F7556}") = "MedicalExaminationPreliminaryLists.Api", "MedicalExaminationPreliminaryLists.Api\MedicalExaminationPreliminaryLists.Api.csproj", "{530E16DB-9D69-4C73-A422-089CFD9D334D}"
EndProject
Project("{FAE04EC0-301F-11D3-BF4B-00C04F79EFBC}") = "MedicalExaminationPreliminaryLists.Infrastructure", "MedicalExaminationPreliminaryLists.Infrastructure\MedicalExaminationPreliminaryLists.Infrastructure.csproj", "{642CD296-D396-487F-B43F-54EF1833E773}"
EndProject
Global
	GlobalSection(SolutionConfigurationPlatforms) = preSolution
		Debug|Any CPU = Debug|Any CPU
		Release|Any CPU = Release|Any CPU
	EndGlobalSection
	GlobalSection(ProjectConfigurationPlatforms) = postSolution
		{43832294-B001-42F2-9999-4E7F5174D876}.Debug|Any CPU.ActiveCfg = Debug|Any CPU
		{43832294-B001-42F2-9999-4E7F5174D876}.Debug|Any CPU.Build.0 = Debug|Any CPU
		{43832294-B001-42F2-9999-4E7F5174D876}.Release|Any CPU.ActiveCfg = Release|Any CPU
		{43832294-B001-42F2-9999-4E7F5174D876}.Release|Any CPU.Build.0 = Release|Any CPU
		{530E16DB-9D69-4C73-A422-089CFD9D334D}.Debug|Any CPU.ActiveCfg = Debug|Any CPU
		{530E16DB-9D69-4C73-A422-089CFD9D334D}.Debug|Any CPU.Build.0 = Debug|Any CPU
		{530E16DB-9D69-4C73-A422-089CFD9D334D}.Release|Any CPU.ActiveCfg = Release|Any CPU
		{530E16DB-9D69-4C73-A422-089CFD9D334D}.Release|Any CPU.Build.0 = Release|Any CPU
		{642CD296-D396-487F-B43F-54EF1833E773}.Debug|Any CPU.ActiveCfg = Debug|Any CPU
		{642CD296-D396-487F-B43F-54EF1833E773}.Debug|Any CPU.Build.0 = Debug|Any CPU
		{642CD296-D396-487F-B43F-54EF1833E773}.Release|Any CPU.ActiveCfg = Release|Any CPU
		{642CD296-D396-487F-B43F-54EF1833E773}.Release|Any CPU.Build.0 = Release|Any CPU
	EndGlobalSection
	GlobalSection(SolutionProperties) = preSolution
		HideSolutionNode = FALSE
	EndGlobalSection
	GlobalSection(ExtensibilityGlobals) = postSolution
		SolutionGuid = {EB1E536F-A69D-4F5B-87A7-BC4D4C2C787A}
	EndGlobalSection
EndGlobal
